
Microsoft Visual Studio Solution File, Format Version 12.00
# Visual Studio 15
VisualStudioVersion = 15.0.33026.149
MinimumVisualStudioVersion = 10.0.40219.1
Project("{9A19103F-16F7-4668-BE54-9A1E7A4F7556}") = "TrialNetCore2", "TrialNetCore2\TrialNetCore2.csproj", "{5FA6B05C-597B-417A-841F-45C203C8B6EB}"
EndProject
Project("{FAE04EC0-301F-11D3-BF4B-00C04F79EFBC}") = "Perpustakaan", "Perpustakaan\Perpustakaan.csproj", "{672E7C57-D9A7-4A5B-9876-36B0AAC3AB22}"
EndProject
Global
	GlobalSection(SolutionConfigurationPlatforms) = preSolution
		Debug|Any CPU = Debug|Any CPU
		Release|Any CPU = Release|Any CPU
	EndGlobalSection
	GlobalSection(ProjectConfigurationPlatforms) = postSolution
		{5FA6B05C-597B-417A-841F-45C203C8B6EB}.Debug|Any CPU.ActiveCfg = Debug|Any CPU
		{5FA6B05C-597B-417A-841F-45C203C8B6EB}.Debug|Any CPU.Build.0 = Debug|Any CPU
		{5FA6B05C-597B-417A-841F-45C203C8B6EB}.Release|Any CPU.ActiveCfg = Release|Any CPU
		{5FA6B05C-597B-417A-841F-45C203C8B6EB}.Release|Any CPU.Build.0 = Release|Any CPU
		{672E7C57-D9A7-4A5B-9876-36B0AAC3AB22}.Debug|Any CPU.ActiveCfg = Debug|Any CPU
		{672E7C57-D9A7-4A5B-9876-36B0AAC3AB22}.Debug|Any CPU.Build.0 = Debug|Any CPU
		{672E7C57-D9A7-4A5B-9876-36B0AAC3AB22}.Release|Any CPU.ActiveCfg = Release|Any CPU
		{672E7C57-D9A7-4A5B-9876-36B0AAC3AB22}.Release|Any CPU.Build.0 = Release|Any CPU
	EndGlobalSection
	GlobalSection(SolutionProperties) = preSolution
		HideSolutionNode = FALSE
	EndGlobalSection
	GlobalSection(ExtensibilityGlobals) = postSolution
		SolutionGuid = {3985CA51-EBAA-4252-9ACA-92C09AE5A2AC}
	EndGlobalSection
EndGlobal
